
Microsoft Visual Studio Solution File, Format Version 12.00
# Visual Studio 15
VisualStudioVersion = 15.0.27703.2026
MinimumVisualStudioVersion = 10.0.40219.1
Project("{9A19103F-16F7-4668-BE54-9A1E7A4F7556}") = "Footprint.web", "Footprint.web\Footprint.web.csproj", "{10BDFAD0-CFF1-41B3-B0D5-517F6FE9F568}"
EndProject
Project("{9A19103F-16F7-4668-BE54-9A1E7A4F7556}") = "FootPrint.Business", "FootPrint.Business\FootPrint.Business.csproj", "{4DCDACB5-4B80-44A5-B55F-76005A48B5BC}"
EndProject
Global
	GlobalSection(SolutionConfigurationPlatforms) = preSolution
		Debug|Any CPU = Debug|Any CPU
		Release|Any CPU = Release|Any CPU
	EndGlobalSection
	GlobalSection(ProjectConfigurationPlatforms) = postSolution
		{10BDFAD0-CFF1-41B3-B0D5-517F6FE9F568}.Debug|Any CPU.ActiveCfg = Debug|Any CPU
		{10BDFAD0-CFF1-41B3-B0D5-517F6FE9F568}.Debug|Any CPU.Build.0 = Debug|Any CPU
		{10BDFAD0-CFF1-41B3-B0D5-517F6FE9F568}.Release|Any CPU.ActiveCfg = Release|Any CPU
		{10BDFAD0-CFF1-41B3-B0D5-517F6FE9F568}.Release|Any CPU.Build.0 = Release|Any CPU
		{4DCDACB5-4B80-44A5-B55F-76005A48B5BC}.Debug|Any CPU.ActiveCfg = Debug|Any CPU
		{4DCDACB5-4B80-44A5-B55F-76005A48B5BC}.Debug|Any CPU.Build.0 = Debug|Any CPU
		{4DCDACB5-4B80-44A5-B55F-76005A48B5BC}.Release|Any CPU.ActiveCfg = Release|Any CPU
		{4DCDACB5-4B80-44A5-B55F-76005A48B5BC}.Release|Any CPU.Build.0 = Release|Any CPU
	EndGlobalSection
	GlobalSection(SolutionProperties) = preSolution
		HideSolutionNode = FALSE
	EndGlobalSection
	GlobalSection(ExtensibilityGlobals) = postSolution
		SolutionGuid = {C8958955-59C6-421D-AD61-81010FB9E43A}
	EndGlobalSection
EndGlobal
